
Microsoft Visual Studio Solution File, Format Version 12.00
Project("{FAE04EC0-301F-11D3-BF4B-00C04F79EFBC}") = "PER.Tracy", "PER.Tracy\PER.Tracy.csproj", "{4F0CD67B-7434-4AB3-9B9A-205F8C58CE1F}"
EndProject
Project("{FAE04EC0-301F-11D3-BF4B-00C04F79EFBC}") = "PER.Tracy.Weaver", "PER.Tracy.Weaver\PER.Tracy.Weaver.csproj", "{23890976-9CED-4075-A642-72B1CF3D357E}"
EndProject
Project("{2150E333-8FDC-42A3-9474-1A3956D46DE8}") = "Solution Items", "Solution Items", "{3A86DCE3-7214-4C26-BC90-7EAE4BB46333}"
	ProjectSection(SolutionItems) = preProject
		.editorconfig = .editorconfig
		.gitignore = .gitignore
		.gitmodules = .gitmodules
		LICENSE = LICENSE
		README.md = README.md
	EndProjectSection
EndProject
Project("{FAE04EC0-301F-11D3-BF4B-00C04F79EFBC}") = "PER.Tracy.Native", "PER.Tracy.Native\PER.Tracy.Native.csproj", "{8E60EB6C-33F5-4F2A-9407-AC8A079F3A8A}"
EndProject
Global
	GlobalSection(SolutionConfigurationPlatforms) = preSolution
		Debug|Any CPU = Debug|Any CPU
		Release|Any CPU = Release|Any CPU
	EndGlobalSection
	GlobalSection(ProjectConfigurationPlatforms) = postSolution
		{4F0CD67B-7434-4AB3-9B9A-205F8C58CE1F}.Debug|Any CPU.ActiveCfg = Debug|Any CPU
		{4F0CD67B-7434-4AB3-9B9A-205F8C58CE1F}.Debug|Any CPU.Build.0 = Debug|Any CPU
		{4F0CD67B-7434-4AB3-9B9A-205F8C58CE1F}.Release|Any CPU.ActiveCfg = Release|Any CPU
		{4F0CD67B-7434-4AB3-9B9A-205F8C58CE1F}.Release|Any CPU.Build.0 = Release|Any CPU
		{23890976-9CED-4075-A642-72B1CF3D357E}.Debug|Any CPU.ActiveCfg = Debug|Any CPU
		{23890976-9CED-4075-A642-72B1CF3D357E}.Debug|Any CPU.Build.0 = Debug|Any CPU
		{23890976-9CED-4075-A642-72B1CF3D357E}.Release|Any CPU.ActiveCfg = Release|Any CPU
		{23890976-9CED-4075-A642-72B1CF3D357E}.Release|Any CPU.Build.0 = Release|Any CPU
		{8E60EB6C-33F5-4F2A-9407-AC8A079F3A8A}.Debug|Any CPU.ActiveCfg = Debug|Any CPU
		{8E60EB6C-33F5-4F2A-9407-AC8A079F3A8A}.Debug|Any CPU.Build.0 = Debug|Any CPU
		{8E60EB6C-33F5-4F2A-9407-AC8A079F3A8A}.Release|Any CPU.ActiveCfg = Release|Any CPU
		{8E60EB6C-33F5-4F2A-9407-AC8A079F3A8A}.Release|Any CPU.Build.0 = Release|Any CPU
	EndGlobalSection
EndGlobal
